
Microsoft Visual Studio Solution File, Format Version 12.00
# Visual Studio Version 17
VisualStudioVersion = 17.4.33103.184
MinimumVisualStudioVersion = 10.0.40219.1
Project("{2150E333-8FDC-42A3-9474-1A3956D46DE8}") = "Services", "Services", "{6AE48280-C6A5-4761-A519-BB05AE74FAAA}"
EndProject
Project("{2150E333-8FDC-42A3-9474-1A3956D46DE8}") = "Catalog", "Catalog", "{31195B0B-8EB4-46BC-ACF9-35B8BB38709A}"
EndProject
Project("{9A19103F-16F7-4668-BE54-9A1E7A4F7556}") = "Catalog.API", "Services\Catalog\Catalog.API\Catalog.API.csproj", "{6162D436-0C44-4F85-958D-E0D5FBEF5267}"
EndProject
Project("{E53339B2-1760-4266-BCC7-CA923CBCF16C}") = "docker-compose", "docker-compose.dcproj", "{03299979-4B39-4B2F-ACA7-555696290A7C}"
EndProject
Project("{2150E333-8FDC-42A3-9474-1A3956D46DE8}") = "Basket", "Basket", "{5FD24C6E-90BE-4EC8-8E02-2F5D1C591095}"
EndProject
Project("{9A19103F-16F7-4668-BE54-9A1E7A4F7556}") = "Basket.API", "Services\Basket\Basket.API\Basket.API.csproj", "{35EF5EEB-D2AD-4DCC-911E-65D7C9F24789}"
EndProject
Project("{2150E333-8FDC-42A3-9474-1A3956D46DE8}") = "Discount", "Discount", "{80C6D8A4-04DB-4A79-A229-0C5DC1F7C913}"
EndProject
Project("{9A19103F-16F7-4668-BE54-9A1E7A4F7556}") = "Discount.API", "Services\Discount\Discount.API\Discount.API.csproj", "{96FB8862-6CAF-4736-96A8-CDEF9D9E5821}"
EndProject
Project("{9A19103F-16F7-4668-BE54-9A1E7A4F7556}") = "Discount.Grpc", "Services\Discount\Discount.Grpc\Discount.Grpc.csproj", "{7A88F2AC-EE1E-4A41-9D11-F46E77A1A02D}"
EndProject
Global
	GlobalSection(SolutionConfigurationPlatforms) = preSolution
		Debug|Any CPU = Debug|Any CPU
		Release|Any CPU = Release|Any CPU
	EndGlobalSection
	GlobalSection(ProjectConfigurationPlatforms) = postSolution
		{6162D436-0C44-4F85-958D-E0D5FBEF5267}.Debug|Any CPU.ActiveCfg = Debug|Any CPU
		{6162D436-0C44-4F85-958D-E0D5FBEF5267}.Debug|Any CPU.Build.0 = Debug|Any CPU
		{6162D436-0C44-4F85-958D-E0D5FBEF5267}.Release|Any CPU.ActiveCfg = Release|Any CPU
		{6162D436-0C44-4F85-958D-E0D5FBEF5267}.Release|Any CPU.Build.0 = Release|Any CPU
		{03299979-4B39-4B2F-ACA7-555696290A7C}.Debug|Any CPU.ActiveCfg = Debug|Any CPU
		{03299979-4B39-4B2F-ACA7-555696290A7C}.Debug|Any CPU.Build.0 = Debug|Any CPU
		{03299979-4B39-4B2F-ACA7-555696290A7C}.Release|Any CPU.ActiveCfg = Release|Any CPU
		{03299979-4B39-4B2F-ACA7-555696290A7C}.Release|Any CPU.Build.0 = Release|Any CPU
		{35EF5EEB-D2AD-4DCC-911E-65D7C9F24789}.Debug|Any CPU.ActiveCfg = Debug|Any CPU
		{35EF5EEB-D2AD-4DCC-911E-65D7C9F24789}.Debug|Any CPU.Build.0 = Debug|Any CPU
		{35EF5EEB-D2AD-4DCC-911E-65D7C9F24789}.Release|Any CPU.ActiveCfg = Release|Any CPU
		{35EF5EEB-D2AD-4DCC-911E-65D7C9F24789}.Release|Any CPU.Build.0 = Release|Any CPU
		{96FB8862-6CAF-4736-96A8-CDEF9D9E5821}.Debug|Any CPU.ActiveCfg = Debug|Any CPU
		{96FB8862-6CAF-4736-96A8-CDEF9D9E5821}.Debug|Any CPU.Build.0 = Debug|Any CPU
		{96FB8862-6CAF-4736-96A8-CDEF9D9E5821}.Release|Any CPU.ActiveCfg = Release|Any CPU
		{96FB8862-6CAF-4736-96A8-CDEF9D9E5821}.Release|Any CPU.Build.0 = Release|Any CPU
		{7A88F2AC-EE1E-4A41-9D11-F46E77A1A02D}.Debug|Any CPU.ActiveCfg = Debug|Any CPU
		{7A88F2AC-EE1E-4A41-9D11-F46E77A1A02D}.Debug|Any CPU.Build.0 = Debug|Any CPU
		{7A88F2AC-EE1E-4A41-9D11-F46E77A1A02D}.Release|Any CPU.ActiveCfg = Release|Any CPU
		{7A88F2AC-EE1E-4A41-9D11-F46E77A1A02D}.Release|Any CPU.Build.0 = Release|Any CPU
	EndGlobalSection
	GlobalSection(SolutionProperties) = preSolution
		HideSolutionNode = FALSE
	EndGlobalSection
	GlobalSection(NestedProjects) = preSolution
		{31195B0B-8EB4-46BC-ACF9-35B8BB38709A} = {6AE48280-C6A5-4761-A519-BB05AE74FAAA}
		{6162D436-0C44-4F85-958D-E0D5FBEF5267} = {31195B0B-8EB4-46BC-ACF9-35B8BB38709A}
		{5FD24C6E-90BE-4EC8-8E02-2F5D1C591095} = {6AE48280-C6A5-4761-A519-BB05AE74FAAA}
		{35EF5EEB-D2AD-4DCC-911E-65D7C9F24789} = {5FD24C6E-90BE-4EC8-8E02-2F5D1C591095}
		{80C6D8A4-04DB-4A79-A229-0C5DC1F7C913} = {6AE48280-C6A5-4761-A519-BB05AE74FAAA}
		{96FB8862-6CAF-4736-96A8-CDEF9D9E5821} = {80C6D8A4-04DB-4A79-A229-0C5DC1F7C913}
		{7A88F2AC-EE1E-4A41-9D11-F46E77A1A02D} = {80C6D8A4-04DB-4A79-A229-0C5DC1F7C913}
	EndGlobalSection
	GlobalSection(ExtensibilityGlobals) = postSolution
		SolutionGuid = {A9F0DE9C-6AC5-48F1-944E-724C6DF7FA02}
	EndGlobalSection
EndGlobal
