
Microsoft Visual Studio Solution File, Format Version 12.00
# Visual Studio Version 17
VisualStudioVersion = 17.4.33103.184
MinimumVisualStudioVersion = 10.0.40219.1
Project("{2150E333-8FDC-42A3-9474-1A3956D46DE8}") = "Services", "Services", "{6AE48280-C6A5-4761-A519-BB05AE74FAAA}"
EndProject
Project("{2150E333-8FDC-42A3-9474-1A3956D46DE8}") = "Catalog", "Catalog", "{31195B0B-8EB4-46BC-ACF9-35B8BB38709A}"
EndProject
Project("{FAE04EC0-301F-11D3-BF4B-00C04F79EFBC}") = "Catalog.API", "Services\Catalog\Catalog.API\Catalog.API.csproj", "{6162D436-0C44-4F85-958D-E0D5FBEF5267}"
EndProject
Global
	GlobalSection(SolutionConfigurationPlatforms) = preSolution
		Debug|Any CPU = Debug|Any CPU
		Release|Any CPU = Release|Any CPU
	EndGlobalSection
	GlobalSection(ProjectConfigurationPlatforms) = postSolution
		{6162D436-0C44-4F85-958D-E0D5FBEF5267}.Debug|Any CPU.ActiveCfg = Debug|Any CPU
		{6162D436-0C44-4F85-958D-E0D5FBEF5267}.Debug|Any CPU.Build.0 = Debug|Any CPU
		{6162D436-0C44-4F85-958D-E0D5FBEF5267}.Release|Any CPU.ActiveCfg = Release|Any CPU
		{6162D436-0C44-4F85-958D-E0D5FBEF5267}.Release|Any CPU.Build.0 = Release|Any CPU
	EndGlobalSection
	GlobalSection(SolutionProperties) = preSolution
		HideSolutionNode = FALSE
	EndGlobalSection
	GlobalSection(NestedProjects) = preSolution
		{31195B0B-8EB4-46BC-ACF9-35B8BB38709A} = {6AE48280-C6A5-4761-A519-BB05AE74FAAA}
		{6162D436-0C44-4F85-958D-E0D5FBEF5267} = {31195B0B-8EB4-46BC-ACF9-35B8BB38709A}
	EndGlobalSection
	GlobalSection(ExtensibilityGlobals) = postSolution
		SolutionGuid = {A9F0DE9C-6AC5-48F1-944E-724C6DF7FA02}
	EndGlobalSection
EndGlobal
